
Microsoft Visual Studio Solution File, Format Version 12.00
# Visual Studio Version 17
VisualStudioVersion = 17.6.33801.468
MinimumVisualStudioVersion = 10.0.40219.1
Project("{9A19103F-16F7-4668-BE54-9A1E7A4F7556}") = "FilmsAPI", "FilmsAPI\FilmsAPI.csproj", "{2FDFFC79-DADD-4CAE-9C45-37F5EF1679F4}"
EndProject
Project("{9A19103F-16F7-4668-BE54-9A1E7A4F7556}") = "Domain", "Domain\Domain.csproj", "{C8924E20-BAA4-4A8F-BF86-6A80AB946C34}"
EndProject
Project("{9A19103F-16F7-4668-BE54-9A1E7A4F7556}") = "Infra", "Infra\Infra.csproj", "{DB1731D0-5219-4967-BAE3-2EA844AC14E9}"
EndProject
Project("{2150E333-8FDC-42A3-9474-1A3956D46DE8}") = "DomainProjects", "DomainProjects", "{5640EBE5-F551-46F2-9B82-303B439B1A81}"
EndProject
Project("{2150E333-8FDC-42A3-9474-1A3956D46DE8}") = "ApiProjects", "ApiProjects", "{D1771B9F-FC0E-43EC-896A-EADEABBD4AEA}"
EndProject
Project("{2150E333-8FDC-42A3-9474-1A3956D46DE8}") = "InfraProjects", "InfraProjects", "{503DF564-B91D-4272-A603-601828EDDA9D}"
EndProject
Project("{9A19103F-16F7-4668-BE54-9A1E7A4F7556}") = "DomainTests", "DomainTests\DomainTests.csproj", "{D6C1A638-4C1D-4D97-A0F2-C66A971E6AC5}"
EndProject
Project("{9A19103F-16F7-4668-BE54-9A1E7A4F7556}") = "FilmsAPITests", "FilmsAPITests\FilmsAPITests.csproj", "{BE7CCD3C-7A9E-4501-870A-55C821A61D52}"
EndProject
Project("{9A19103F-16F7-4668-BE54-9A1E7A4F7556}") = "InfraTests", "InfraTests\InfraTests.csproj", "{21B3C713-A4B0-45D2-BA37-4786FC9C35B3}"
	ProjectSection(ProjectDependencies) = postProject
		{C8924E20-BAA4-4A8F-BF86-6A80AB946C34} = {C8924E20-BAA4-4A8F-BF86-6A80AB946C34}
	EndProjectSection
EndProject
Global
	GlobalSection(SolutionConfigurationPlatforms) = preSolution
		Debug|Any CPU = Debug|Any CPU
		Release|Any CPU = Release|Any CPU
	EndGlobalSection
	GlobalSection(ProjectConfigurationPlatforms) = postSolution
		{2FDFFC79-DADD-4CAE-9C45-37F5EF1679F4}.Debug|Any CPU.ActiveCfg = Debug|Any CPU
		{2FDFFC79-DADD-4CAE-9C45-37F5EF1679F4}.Debug|Any CPU.Build.0 = Debug|Any CPU
		{2FDFFC79-DADD-4CAE-9C45-37F5EF1679F4}.Release|Any CPU.ActiveCfg = Release|Any CPU
		{2FDFFC79-DADD-4CAE-9C45-37F5EF1679F4}.Release|Any CPU.Build.0 = Release|Any CPU
		{C8924E20-BAA4-4A8F-BF86-6A80AB946C34}.Debug|Any CPU.ActiveCfg = Debug|Any CPU
		{C8924E20-BAA4-4A8F-BF86-6A80AB946C34}.Debug|Any CPU.Build.0 = Debug|Any CPU
		{C8924E20-BAA4-4A8F-BF86-6A80AB946C34}.Release|Any CPU.ActiveCfg = Release|Any CPU
		{C8924E20-BAA4-4A8F-BF86-6A80AB946C34}.Release|Any CPU.Build.0 = Release|Any CPU
		{DB1731D0-5219-4967-BAE3-2EA844AC14E9}.Debug|Any CPU.ActiveCfg = Debug|Any CPU
		{DB1731D0-5219-4967-BAE3-2EA844AC14E9}.Debug|Any CPU.Build.0 = Debug|Any CPU
		{DB1731D0-5219-4967-BAE3-2EA844AC14E9}.Release|Any CPU.ActiveCfg = Release|Any CPU
		{DB1731D0-5219-4967-BAE3-2EA844AC14E9}.Release|Any CPU.Build.0 = Release|Any CPU
		{D6C1A638-4C1D-4D97-A0F2-C66A971E6AC5}.Debug|Any CPU.ActiveCfg = Debug|Any CPU
		{D6C1A638-4C1D-4D97-A0F2-C66A971E6AC5}.Debug|Any CPU.Build.0 = Debug|Any CPU
		{D6C1A638-4C1D-4D97-A0F2-C66A971E6AC5}.Release|Any CPU.ActiveCfg = Release|Any CPU
		{D6C1A638-4C1D-4D97-A0F2-C66A971E6AC5}.Release|Any CPU.Build.0 = Release|Any CPU
		{BE7CCD3C-7A9E-4501-870A-55C821A61D52}.Debug|Any CPU.ActiveCfg = Debug|Any CPU
		{BE7CCD3C-7A9E-4501-870A-55C821A61D52}.Debug|Any CPU.Build.0 = Debug|Any CPU
		{BE7CCD3C-7A9E-4501-870A-55C821A61D52}.Release|Any CPU.ActiveCfg = Release|Any CPU
		{BE7CCD3C-7A9E-4501-870A-55C821A61D52}.Release|Any CPU.Build.0 = Release|Any CPU
		{21B3C713-A4B0-45D2-BA37-4786FC9C35B3}.Debug|Any CPU.ActiveCfg = Debug|Any CPU
		{21B3C713-A4B0-45D2-BA37-4786FC9C35B3}.Debug|Any CPU.Build.0 = Debug|Any CPU
		{21B3C713-A4B0-45D2-BA37-4786FC9C35B3}.Release|Any CPU.ActiveCfg = Release|Any CPU
		{21B3C713-A4B0-45D2-BA37-4786FC9C35B3}.Release|Any CPU.Build.0 = Release|Any CPU
	EndGlobalSection
	GlobalSection(SolutionProperties) = preSolution
		HideSolutionNode = FALSE
	EndGlobalSection
	GlobalSection(NestedProjects) = preSolution
		{2FDFFC79-DADD-4CAE-9C45-37F5EF1679F4} = {D1771B9F-FC0E-43EC-896A-EADEABBD4AEA}
		{C8924E20-BAA4-4A8F-BF86-6A80AB946C34} = {5640EBE5-F551-46F2-9B82-303B439B1A81}
		{DB1731D0-5219-4967-BAE3-2EA844AC14E9} = {503DF564-B91D-4272-A603-601828EDDA9D}
		{D6C1A638-4C1D-4D97-A0F2-C66A971E6AC5} = {5640EBE5-F551-46F2-9B82-303B439B1A81}
		{BE7CCD3C-7A9E-4501-870A-55C821A61D52} = {D1771B9F-FC0E-43EC-896A-EADEABBD4AEA}
		{21B3C713-A4B0-45D2-BA37-4786FC9C35B3} = {503DF564-B91D-4272-A603-601828EDDA9D}
	EndGlobalSection
	GlobalSection(ExtensibilityGlobals) = postSolution
		SolutionGuid = {09F65F13-D977-4B74-921A-B21F8C492C11}
	EndGlobalSection
EndGlobal
